
Microsoft Visual Studio Solution File, Format Version 12.00
# Visual Studio Version 16
VisualStudioVersion = 16.0.31702.278
MinimumVisualStudioVersion = 10.0.40219.1
Project("{9A19103F-16F7-4668-BE54-9A1E7A4F7556}") = "pz_5", "pz_5\pz_5.csproj", "{A383F167-EC6A-4735-8AF6-82686AC179C9}"
EndProject
Project("{9A19103F-16F7-4668-BE54-9A1E7A4F7556}") = "pz_6", "pz_6\pz_6.csproj", "{4D59D98C-0337-43CD-8E70-F3F7BA73FA3B}"
EndProject
Project("{FAE04EC0-301F-11D3-BF4B-00C04F79EFBC}") = "pz_8", "pz_8\pz_8.csproj", "{2688BF10-8686-495A-B521-EC37AD489BE5}"
EndProject
Global
	GlobalSection(SolutionConfigurationPlatforms) = preSolution
		Debug|Any CPU = Debug|Any CPU
		Release|Any CPU = Release|Any CPU
	EndGlobalSection
	GlobalSection(ProjectConfigurationPlatforms) = postSolution
		{A383F167-EC6A-4735-8AF6-82686AC179C9}.Debug|Any CPU.ActiveCfg = Debug|Any CPU
		{A383F167-EC6A-4735-8AF6-82686AC179C9}.Debug|Any CPU.Build.0 = Debug|Any CPU
		{A383F167-EC6A-4735-8AF6-82686AC179C9}.Release|Any CPU.ActiveCfg = Release|Any CPU
		{A383F167-EC6A-4735-8AF6-82686AC179C9}.Release|Any CPU.Build.0 = Release|Any CPU
		{4D59D98C-0337-43CD-8E70-F3F7BA73FA3B}.Debug|Any CPU.ActiveCfg = Debug|Any CPU
		{4D59D98C-0337-43CD-8E70-F3F7BA73FA3B}.Debug|Any CPU.Build.0 = Debug|Any CPU
		{4D59D98C-0337-43CD-8E70-F3F7BA73FA3B}.Release|Any CPU.ActiveCfg = Release|Any CPU
		{4D59D98C-0337-43CD-8E70-F3F7BA73FA3B}.Release|Any CPU.Build.0 = Release|Any CPU
		{2688BF10-8686-495A-B521-EC37AD489BE5}.Debug|Any CPU.ActiveCfg = Debug|Any CPU
		{2688BF10-8686-495A-B521-EC37AD489BE5}.Debug|Any CPU.Build.0 = Debug|Any CPU
		{2688BF10-8686-495A-B521-EC37AD489BE5}.Release|Any CPU.ActiveCfg = Release|Any CPU
		{2688BF10-8686-495A-B521-EC37AD489BE5}.Release|Any CPU.Build.0 = Release|Any CPU
	EndGlobalSection
	GlobalSection(SolutionProperties) = preSolution
		HideSolutionNode = FALSE
	EndGlobalSection
	GlobalSection(ExtensibilityGlobals) = postSolution
		SolutionGuid = {EFFFE19B-4D7E-4EFC-AB59-AC44C21CE7A0}
	EndGlobalSection
EndGlobal
