
Microsoft Visual Studio Solution File, Format Version 12.00
# Visual Studio Version 16
VisualStudioVersion = 16.0.31702.278
MinimumVisualStudioVersion = 10.0.40219.1
Project("{FAE04EC0-301F-11D3-BF4B-00C04F79EFBC}") = "pz_16", "pz_16\pz_16.csproj", "{79852EE3-E442-4DA0-A531-43B267BB821F}"
EndProject
Global
	GlobalSection(SolutionConfigurationPlatforms) = preSolution
		Debug|Any CPU = Debug|Any CPU
		Release|Any CPU = Release|Any CPU
	EndGlobalSection
	GlobalSection(ProjectConfigurationPlatforms) = postSolution
		{79852EE3-E442-4DA0-A531-43B267BB821F}.Debug|Any CPU.ActiveCfg = Debug|Any CPU
		{79852EE3-E442-4DA0-A531-43B267BB821F}.Debug|Any CPU.Build.0 = Debug|Any CPU
		{79852EE3-E442-4DA0-A531-43B267BB821F}.Release|Any CPU.ActiveCfg = Release|Any CPU
		{79852EE3-E442-4DA0-A531-43B267BB821F}.Release|Any CPU.Build.0 = Release|Any CPU
	EndGlobalSection
	GlobalSection(SolutionProperties) = preSolution
		HideSolutionNode = FALSE
	EndGlobalSection
	GlobalSection(ExtensibilityGlobals) = postSolution
		SolutionGuid = {DB53888A-788B-4DB2-A9FB-CC939DD7F9A7}
	EndGlobalSection
EndGlobal
